
Microsoft Visual Studio Solution File, Format Version 12.00
# Visual Studio Version 16
VisualStudioVersion = 16.0.30907.101
MinimumVisualStudioVersion = 10.0.40219.1
Project("{FAE04EC0-301F-11D3-BF4B-00C04F79EFBC}") = "TestProject", "TestProject\TestProject.csproj", "{A3D287FE-822C-4095-BDE6-CDA4733764CE}"
EndProject
Global
	GlobalSection(SolutionConfigurationPlatforms) = preSolution
		Debug|Any CPU = Debug|Any CPU
		Release|Any CPU = Release|Any CPU
	EndGlobalSection
	GlobalSection(ProjectConfigurationPlatforms) = postSolution
		{A3D287FE-822C-4095-BDE6-CDA4733764CE}.Debug|Any CPU.ActiveCfg = Debug|Any CPU
		{A3D287FE-822C-4095-BDE6-CDA4733764CE}.Debug|Any CPU.Build.0 = Debug|Any CPU
		{A3D287FE-822C-4095-BDE6-CDA4733764CE}.Release|Any CPU.ActiveCfg = Release|Any CPU
		{A3D287FE-822C-4095-BDE6-CDA4733764CE}.Release|Any CPU.Build.0 = Release|Any CPU
	EndGlobalSection
	GlobalSection(SolutionProperties) = preSolution
		HideSolutionNode = FALSE
	EndGlobalSection
	GlobalSection(ExtensibilityGlobals) = postSolution
		SolutionGuid = {F7640C92-6318-4C44-A4FD-805DC8780154}
	EndGlobalSection
EndGlobal
